
Microsoft Visual Studio Solution File, Format Version 12.00
# Visual Studio 2012
Project("{FAE04EC0-301F-11D3-BF4B-00C04F79EFBC}") = "FresaClient", "FresaClient\FresaClient.csproj", "{A9CAFC92-CA18-4169-894F-BEDDC5AA00B2}"
EndProject
Project("{FAE04EC0-301F-11D3-BF4B-00C04F79EFBC}") = "Gui", "Gui\Gui.csproj", "{8A45C14B-006D-4C56-A4F4-937E46E3E0E1}"
EndProject
Project("{FAE04EC0-301F-11D3-BF4B-00C04F79EFBC}") = "Cmdline", "Cmdline\Cmdline.csproj", "{EDBC1483-39CF-429E-AC80-E8C9713B0C75}"
EndProject
Global
	GlobalSection(SolutionConfigurationPlatforms) = preSolution
		Debug|Any CPU = Debug|Any CPU
		Release|Any CPU = Release|Any CPU
	EndGlobalSection
	GlobalSection(ProjectConfigurationPlatforms) = postSolution
		{A9CAFC92-CA18-4169-894F-BEDDC5AA00B2}.Debug|Any CPU.ActiveCfg = Debug|Any CPU
		{A9CAFC92-CA18-4169-894F-BEDDC5AA00B2}.Debug|Any CPU.Build.0 = Debug|Any CPU
		{A9CAFC92-CA18-4169-894F-BEDDC5AA00B2}.Release|Any CPU.ActiveCfg = Release|Any CPU
		{A9CAFC92-CA18-4169-894F-BEDDC5AA00B2}.Release|Any CPU.Build.0 = Release|Any CPU
		{8A45C14B-006D-4C56-A4F4-937E46E3E0E1}.Debug|Any CPU.ActiveCfg = Debug|Any CPU
		{8A45C14B-006D-4C56-A4F4-937E46E3E0E1}.Debug|Any CPU.Build.0 = Debug|Any CPU
		{8A45C14B-006D-4C56-A4F4-937E46E3E0E1}.Release|Any CPU.ActiveCfg = Release|Any CPU
		{8A45C14B-006D-4C56-A4F4-937E46E3E0E1}.Release|Any CPU.Build.0 = Release|Any CPU
		{EDBC1483-39CF-429E-AC80-E8C9713B0C75}.Debug|Any CPU.ActiveCfg = Debug|Any CPU
		{EDBC1483-39CF-429E-AC80-E8C9713B0C75}.Debug|Any CPU.Build.0 = Debug|Any CPU
		{EDBC1483-39CF-429E-AC80-E8C9713B0C75}.Release|Any CPU.ActiveCfg = Release|Any CPU
		{EDBC1483-39CF-429E-AC80-E8C9713B0C75}.Release|Any CPU.Build.0 = Release|Any CPU
	EndGlobalSection
EndGlobal
